
Microsoft Visual Studio Solution File, Format Version 12.00
# Visual Studio Version 17
VisualStudioVersion = 17.12.35514.174
MinimumVisualStudioVersion = 10.0.40219.1
Project("{2150E333-8FDC-42A3-9474-1A3956D46DE8}") = "Modules", "Modules", "{E435A741-408D-41D2-8429-E3E5BA5A9C92}"
EndProject
Project("{2150E333-8FDC-42A3-9474-1A3956D46DE8}") = "Shared", "Shared", "{22C5F6E1-530E-4EEA-A0AB-FF66B357637B}"
EndProject
Project("{2150E333-8FDC-42A3-9474-1A3956D46DE8}") = "POR_TP", "POR_TP", "{046F9259-6F8C-4CF4-9C72-17B49F27D60D}"
EndProject
Project("{FAE04EC0-301F-11D3-BF4B-00C04F79EFBC}") = "AguilaPowertools", "Shared\AguilaPowertools\AguilaPowertools.csproj", "{D2BCE882-2115-4C13-B9F5-AFB41F892038}"
EndProject
Project("{FAE04EC0-301F-11D3-BF4B-00C04F79EFBC}") = "AguilaTalonLibrary", "Shared\AguilaTalonLibrary\AguilaTalonLibrary.csproj", "{963FB95D-140C-4980-B084-32DA25CE3DEA}"
EndProject
Project("{7B5BC53A-FB3E-40B5-AB3F-C168C66A8D55}") = "Common", "Shared\Common\Common.sysctpproj", "{8AE556D9-A969-46EF-A1E4-A9BFBBDF0975}"
EndProject
Project("{132AFE04-7EBF-410D-A99F-BE22E2E5698C}") = "BootStageTransition", "Modules\BootStageTransition\BootStageTransition.sysmtpproj", "{75AF2319-32A8-4161-B646-93232AA8A116}"
EndProject
Project("{132AFE04-7EBF-410D-A99F-BE22E2E5698C}") = "EFI", "Modules\EFI\EFI.sysmtpproj", "{33A08149-FCAE-4487-8837-E538E5CB0ACE}"
EndProject
Project("{132AFE04-7EBF-410D-A99F-BE22E2E5698C}") = "PowerOffStage", "Modules\PowerOffStage\PowerOffStage.sysmtpproj", "{378473EE-414F-445F-B5AC-56FD1EEC5688}"
EndProject
Project("{132AFE04-7EBF-410D-A99F-BE22E2E5698C}") = "UnitEnd", "Modules\UnitEnd\UnitEnd.sysmtpproj", "{B1C812B7-DC43-4A52-BE89-61C1193D4BC3}"
EndProject
Project("{6A0D2C6B-575A-428F-9259-B3AF74FC1B9E}") = "TestProgram", "POR_TP\TestProgram\TestProgram.systpproj", "{1F0CBACD-4079-4F7C-A43F-8ABC0C05EA48}"
EndProject
Project("{132AFE04-7EBF-410D-A99F-BE22E2E5698C}") = "PredefinedFlows", "Modules\PredefinedFlows\PredefinedFlows.sysmtpproj", "{D7E30EBA-9A54-46FD-BAB4-09EFEECF4406}"
EndProject
Project("{132AFE04-7EBF-410D-A99F-BE22E2E5698C}") = "LotStart", "Modules\LotStart\LotStart.sysmtpproj", "{B5D85828-56F7-4F4B-A1AD-B14914564219}"
EndProject
Project("{132AFE04-7EBF-410D-A99F-BE22E2E5698C}") = "UnitStart", "Modules\UnitStart\UnitStart.sysmtpproj", "{2D9833CE-89D1-4D0B-915C-B23FD4E75CBD}"
EndProject
Project("{132AFE04-7EBF-410D-A99F-BE22E2E5698C}") = "LotEnd", "Modules\LotEnd\LotEnd.sysmtpproj", "{0B85E7E1-1F48-4A95-97B2-B5CB64BEB0C3}"
EndProject
Project("{132AFE04-7EBF-410D-A99F-BE22E2E5698C}") = "PreFlightFlow", "Modules\PreFlightFlow\PreFlightFlow.sysmtpproj", "{42A970AF-9036-46D8-8495-5ACC7FC25E92}"
EndProject
Project("{132AFE04-7EBF-410D-A99F-BE22E2E5698C}") = "ShmooCGEM", "Modules\ShmooCGEM\ShmooCGEM.sysmtpproj", "{27FDEB12-439C-4B6D-9839-3DAB2D58A378}"
EndProject
Project("{132AFE04-7EBF-410D-A99F-BE22E2E5698C}") = "CoreVoltage", "Modules\CoreVoltage\CoreVoltage.sysmtpproj", "{329FA969-4E1A-4792-BCF6-224733CC9B92}"
EndProject
Project("{132AFE04-7EBF-410D-A99F-BE22E2E5698C}") = "Intec", "Modules\Intec\Intec.sysmtpproj", "{7E63A54C-8B21-4E18-BF33-777A98BB0586}"
EndProject
Project("{132AFE04-7EBF-410D-A99F-BE22E2E5698C}") = "Ratio_Control", "Modules\Ratio_Control\Ratio_Control.sysmtpproj", "{C34933FC-08DE-4E58-B0FC-1AEAC6054D34}"
EndProject
Project("{132AFE04-7EBF-410D-A99F-BE22E2E5698C}") = "FailureRecovery", "Modules\FailureRecovery\FailureRecovery.sysmtpproj", "{13B3E99F-A4BE-4CED-8CD0-B26DC2A9D0E5}"
EndProject
Project("{132AFE04-7EBF-410D-A99F-BE22E2E5698C}") = "SearchCGEM", "Modules\SearchCGEM\SearchCGEM.sysmtpproj", "{97AC4C01-7B3D-4AC8-8D06-65A9F7234DD6}"
EndProject
Global
	GlobalSection(SolutionConfigurationPlatforms) = preSolution
		Debug|Any CPU = Debug|Any CPU
		Release|Any CPU = Release|Any CPU
	EndGlobalSection
	GlobalSection(ProjectConfigurationPlatforms) = postSolution
		{D2BCE882-2115-4C13-B9F5-AFB41F892038}.Debug|Any CPU.ActiveCfg = Debug|Any CPU
		{D2BCE882-2115-4C13-B9F5-AFB41F892038}.Debug|Any CPU.Build.0 = Debug|Any CPU
		{D2BCE882-2115-4C13-B9F5-AFB41F892038}.Release|Any CPU.ActiveCfg = Release|Any CPU
		{D2BCE882-2115-4C13-B9F5-AFB41F892038}.Release|Any CPU.Build.0 = Release|Any CPU
		{963FB95D-140C-4980-B084-32DA25CE3DEA}.Debug|Any CPU.ActiveCfg = Debug|Any CPU
		{963FB95D-140C-4980-B084-32DA25CE3DEA}.Debug|Any CPU.Build.0 = Debug|Any CPU
		{963FB95D-140C-4980-B084-32DA25CE3DEA}.Release|Any CPU.ActiveCfg = Release|Any CPU
		{963FB95D-140C-4980-B084-32DA25CE3DEA}.Release|Any CPU.Build.0 = Release|Any CPU
		{8AE556D9-A969-46EF-A1E4-A9BFBBDF0975}.Debug|Any CPU.ActiveCfg = Debug|Any CPU
		{8AE556D9-A969-46EF-A1E4-A9BFBBDF0975}.Debug|Any CPU.Build.0 = Debug|Any CPU
		{8AE556D9-A969-46EF-A1E4-A9BFBBDF0975}.Release|Any CPU.ActiveCfg = Release|Any CPU
		{8AE556D9-A969-46EF-A1E4-A9BFBBDF0975}.Release|Any CPU.Build.0 = Release|Any CPU
		{75AF2319-32A8-4161-B646-93232AA8A116}.Debug|Any CPU.ActiveCfg = Debug|Any CPU
		{75AF2319-32A8-4161-B646-93232AA8A116}.Debug|Any CPU.Build.0 = Debug|Any CPU
		{75AF2319-32A8-4161-B646-93232AA8A116}.Release|Any CPU.ActiveCfg = Release|Any CPU
		{75AF2319-32A8-4161-B646-93232AA8A116}.Release|Any CPU.Build.0 = Release|Any CPU
		{33A08149-FCAE-4487-8837-E538E5CB0ACE}.Debug|Any CPU.ActiveCfg = Debug|Any CPU
		{33A08149-FCAE-4487-8837-E538E5CB0ACE}.Debug|Any CPU.Build.0 = Debug|Any CPU
		{33A08149-FCAE-4487-8837-E538E5CB0ACE}.Release|Any CPU.ActiveCfg = Release|Any CPU
		{33A08149-FCAE-4487-8837-E538E5CB0ACE}.Release|Any CPU.Build.0 = Release|Any CPU
		{378473EE-414F-445F-B5AC-56FD1EEC5688}.Debug|Any CPU.ActiveCfg = Debug|Any CPU
		{378473EE-414F-445F-B5AC-56FD1EEC5688}.Debug|Any CPU.Build.0 = Debug|Any CPU
		{378473EE-414F-445F-B5AC-56FD1EEC5688}.Release|Any CPU.ActiveCfg = Release|Any CPU
		{378473EE-414F-445F-B5AC-56FD1EEC5688}.Release|Any CPU.Build.0 = Release|Any CPU
		{B1C812B7-DC43-4A52-BE89-61C1193D4BC3}.Debug|Any CPU.ActiveCfg = Debug|Any CPU
		{B1C812B7-DC43-4A52-BE89-61C1193D4BC3}.Debug|Any CPU.Build.0 = Debug|Any CPU
		{B1C812B7-DC43-4A52-BE89-61C1193D4BC3}.Release|Any CPU.ActiveCfg = Release|Any CPU
		{B1C812B7-DC43-4A52-BE89-61C1193D4BC3}.Release|Any CPU.Build.0 = Release|Any CPU
		{1F0CBACD-4079-4F7C-A43F-8ABC0C05EA48}.Debug|Any CPU.ActiveCfg = Debug|Any CPU
		{1F0CBACD-4079-4F7C-A43F-8ABC0C05EA48}.Debug|Any CPU.Build.0 = Debug|Any CPU
		{1F0CBACD-4079-4F7C-A43F-8ABC0C05EA48}.Release|Any CPU.ActiveCfg = Release|Any CPU
		{1F0CBACD-4079-4F7C-A43F-8ABC0C05EA48}.Release|Any CPU.Build.0 = Release|Any CPU
		{D7E30EBA-9A54-46FD-BAB4-09EFEECF4406}.Debug|Any CPU.ActiveCfg = Debug|Any CPU
		{D7E30EBA-9A54-46FD-BAB4-09EFEECF4406}.Debug|Any CPU.Build.0 = Debug|Any CPU
		{D7E30EBA-9A54-46FD-BAB4-09EFEECF4406}.Release|Any CPU.ActiveCfg = Release|Any CPU
		{D7E30EBA-9A54-46FD-BAB4-09EFEECF4406}.Release|Any CPU.Build.0 = Release|Any CPU
		{B5D85828-56F7-4F4B-A1AD-B14914564219}.Debug|Any CPU.ActiveCfg = Debug|Any CPU
		{B5D85828-56F7-4F4B-A1AD-B14914564219}.Debug|Any CPU.Build.0 = Debug|Any CPU
		{B5D85828-56F7-4F4B-A1AD-B14914564219}.Release|Any CPU.ActiveCfg = Release|Any CPU
		{B5D85828-56F7-4F4B-A1AD-B14914564219}.Release|Any CPU.Build.0 = Release|Any CPU
		{2D9833CE-89D1-4D0B-915C-B23FD4E75CBD}.Debug|Any CPU.ActiveCfg = Debug|Any CPU
		{2D9833CE-89D1-4D0B-915C-B23FD4E75CBD}.Debug|Any CPU.Build.0 = Debug|Any CPU
		{2D9833CE-89D1-4D0B-915C-B23FD4E75CBD}.Release|Any CPU.ActiveCfg = Release|Any CPU
		{2D9833CE-89D1-4D0B-915C-B23FD4E75CBD}.Release|Any CPU.Build.0 = Release|Any CPU
		{0B85E7E1-1F48-4A95-97B2-B5CB64BEB0C3}.Debug|Any CPU.ActiveCfg = Debug|Any CPU
		{0B85E7E1-1F48-4A95-97B2-B5CB64BEB0C3}.Debug|Any CPU.Build.0 = Debug|Any CPU
		{0B85E7E1-1F48-4A95-97B2-B5CB64BEB0C3}.Release|Any CPU.ActiveCfg = Release|Any CPU
		{0B85E7E1-1F48-4A95-97B2-B5CB64BEB0C3}.Release|Any CPU.Build.0 = Release|Any CPU
		{42A970AF-9036-46D8-8495-5ACC7FC25E92}.Debug|Any CPU.ActiveCfg = Debug|Any CPU
		{42A970AF-9036-46D8-8495-5ACC7FC25E92}.Debug|Any CPU.Build.0 = Debug|Any CPU
		{42A970AF-9036-46D8-8495-5ACC7FC25E92}.Release|Any CPU.ActiveCfg = Release|Any CPU
		{42A970AF-9036-46D8-8495-5ACC7FC25E92}.Release|Any CPU.Build.0 = Release|Any CPU
		{27FDEB12-439C-4B6D-9839-3DAB2D58A378}.Debug|Any CPU.ActiveCfg = Debug|Any CPU
		{27FDEB12-439C-4B6D-9839-3DAB2D58A378}.Debug|Any CPU.Build.0 = Debug|Any CPU
		{27FDEB12-439C-4B6D-9839-3DAB2D58A378}.Release|Any CPU.ActiveCfg = Release|Any CPU
		{27FDEB12-439C-4B6D-9839-3DAB2D58A378}.Release|Any CPU.Build.0 = Release|Any CPU
		{329FA969-4E1A-4792-BCF6-224733CC9B92}.Debug|Any CPU.ActiveCfg = Debug|Any CPU
		{329FA969-4E1A-4792-BCF6-224733CC9B92}.Debug|Any CPU.Build.0 = Debug|Any CPU
		{329FA969-4E1A-4792-BCF6-224733CC9B92}.Release|Any CPU.ActiveCfg = Release|Any CPU
		{329FA969-4E1A-4792-BCF6-224733CC9B92}.Release|Any CPU.Build.0 = Release|Any CPU
		{7E63A54C-8B21-4E18-BF33-777A98BB0586}.Debug|Any CPU.ActiveCfg = Debug|Any CPU
		{7E63A54C-8B21-4E18-BF33-777A98BB0586}.Debug|Any CPU.Build.0 = Debug|Any CPU
		{7E63A54C-8B21-4E18-BF33-777A98BB0586}.Release|Any CPU.ActiveCfg = Release|Any CPU
		{7E63A54C-8B21-4E18-BF33-777A98BB0586}.Release|Any CPU.Build.0 = Release|Any CPU
		{C34933FC-08DE-4E58-B0FC-1AEAC6054D34}.Debug|Any CPU.ActiveCfg = Debug|Any CPU
		{C34933FC-08DE-4E58-B0FC-1AEAC6054D34}.Debug|Any CPU.Build.0 = Debug|Any CPU
		{C34933FC-08DE-4E58-B0FC-1AEAC6054D34}.Release|Any CPU.ActiveCfg = Release|Any CPU
		{C34933FC-08DE-4E58-B0FC-1AEAC6054D34}.Release|Any CPU.Build.0 = Release|Any CPU
		{13B3E99F-A4BE-4CED-8CD0-B26DC2A9D0E5}.Debug|Any CPU.ActiveCfg = Debug|Any CPU
		{13B3E99F-A4BE-4CED-8CD0-B26DC2A9D0E5}.Debug|Any CPU.Build.0 = Debug|Any CPU
		{13B3E99F-A4BE-4CED-8CD0-B26DC2A9D0E5}.Release|Any CPU.ActiveCfg = Release|Any CPU
		{13B3E99F-A4BE-4CED-8CD0-B26DC2A9D0E5}.Release|Any CPU.Build.0 = Release|Any CPU
		{97AC4C01-7B3D-4AC8-8D06-65A9F7234DD6}.Debug|Any CPU.ActiveCfg = Debug|Any CPU
		{97AC4C01-7B3D-4AC8-8D06-65A9F7234DD6}.Debug|Any CPU.Build.0 = Debug|Any CPU
		{97AC4C01-7B3D-4AC8-8D06-65A9F7234DD6}.Release|Any CPU.ActiveCfg = Release|Any CPU
		{97AC4C01-7B3D-4AC8-8D06-65A9F7234DD6}.Release|Any CPU.Build.0 = Release|Any CPU
	EndGlobalSection
	GlobalSection(SolutionProperties) = preSolution
		HideSolutionNode = FALSE
	EndGlobalSection
	GlobalSection(NestedProjects) = preSolution
		{D2BCE882-2115-4C13-B9F5-AFB41F892038} = {22C5F6E1-530E-4EEA-A0AB-FF66B357637B}
		{963FB95D-140C-4980-B084-32DA25CE3DEA} = {22C5F6E1-530E-4EEA-A0AB-FF66B357637B}
		{8AE556D9-A969-46EF-A1E4-A9BFBBDF0975} = {22C5F6E1-530E-4EEA-A0AB-FF66B357637B}
		{75AF2319-32A8-4161-B646-93232AA8A116} = {E435A741-408D-41D2-8429-E3E5BA5A9C92}
		{33A08149-FCAE-4487-8837-E538E5CB0ACE} = {E435A741-408D-41D2-8429-E3E5BA5A9C92}
		{378473EE-414F-445F-B5AC-56FD1EEC5688} = {E435A741-408D-41D2-8429-E3E5BA5A9C92}
		{B1C812B7-DC43-4A52-BE89-61C1193D4BC3} = {E435A741-408D-41D2-8429-E3E5BA5A9C92}
		{1F0CBACD-4079-4F7C-A43F-8ABC0C05EA48} = {046F9259-6F8C-4CF4-9C72-17B49F27D60D}
		{D7E30EBA-9A54-46FD-BAB4-09EFEECF4406} = {E435A741-408D-41D2-8429-E3E5BA5A9C92}
		{B5D85828-56F7-4F4B-A1AD-B14914564219} = {E435A741-408D-41D2-8429-E3E5BA5A9C92}
		{2D9833CE-89D1-4D0B-915C-B23FD4E75CBD} = {E435A741-408D-41D2-8429-E3E5BA5A9C92}
		{0B85E7E1-1F48-4A95-97B2-B5CB64BEB0C3} = {E435A741-408D-41D2-8429-E3E5BA5A9C92}
		{42A970AF-9036-46D8-8495-5ACC7FC25E92} = {E435A741-408D-41D2-8429-E3E5BA5A9C92}
		{27FDEB12-439C-4B6D-9839-3DAB2D58A378} = {E435A741-408D-41D2-8429-E3E5BA5A9C92}
		{329FA969-4E1A-4792-BCF6-224733CC9B92} = {E435A741-408D-41D2-8429-E3E5BA5A9C92}
		{7E63A54C-8B21-4E18-BF33-777A98BB0586} = {E435A741-408D-41D2-8429-E3E5BA5A9C92}
		{C34933FC-08DE-4E58-B0FC-1AEAC6054D34} = {E435A741-408D-41D2-8429-E3E5BA5A9C92}
		{13B3E99F-A4BE-4CED-8CD0-B26DC2A9D0E5} = {E435A741-408D-41D2-8429-E3E5BA5A9C92}
		{97AC4C01-7B3D-4AC8-8D06-65A9F7234DD6} = {E435A741-408D-41D2-8429-E3E5BA5A9C92}
	EndGlobalSection
EndGlobal
